
Microsoft Visual Studio Solution File, Format Version 12.00
# Visual Studio Version 16
VisualStudioVersion = 16.0.30717.126
MinimumVisualStudioVersion = 10.0.40219.1
Project("{2150E333-8FDC-42A3-9474-1A3956D46DE8}") = "src", "src", "{17D0B99B-01E3-4B8D-91FA-AE1B3BDA98A0}"
EndProject
Project("{FAE04EC0-301F-11D3-BF4B-00C04F79EFBC}") = "WebApi.Filter", "src\WebApi.Filter\WebApi.Filter.csproj", "{85F0B27A-3CC8-4165-ADD2-744248EB78E8}"
EndProject
Global
	GlobalSection(SolutionConfigurationPlatforms) = preSolution
		Debug|Any CPU = Debug|Any CPU
		Release|Any CPU = Release|Any CPU
	EndGlobalSection
	GlobalSection(ProjectConfigurationPlatforms) = postSolution
		{85F0B27A-3CC8-4165-ADD2-744248EB78E8}.Debug|Any CPU.ActiveCfg = Debug|Any CPU
		{85F0B27A-3CC8-4165-ADD2-744248EB78E8}.Debug|Any CPU.Build.0 = Debug|Any CPU
		{85F0B27A-3CC8-4165-ADD2-744248EB78E8}.Release|Any CPU.ActiveCfg = Release|Any CPU
		{85F0B27A-3CC8-4165-ADD2-744248EB78E8}.Release|Any CPU.Build.0 = Release|Any CPU
	EndGlobalSection
	GlobalSection(SolutionProperties) = preSolution
		HideSolutionNode = FALSE
	EndGlobalSection
	GlobalSection(NestedProjects) = preSolution
		{85F0B27A-3CC8-4165-ADD2-744248EB78E8} = {17D0B99B-01E3-4B8D-91FA-AE1B3BDA98A0}
	EndGlobalSection
	GlobalSection(ExtensibilityGlobals) = postSolution
		SolutionGuid = {E055A136-12F1-46E9-A517-501511520178}
	EndGlobalSection
EndGlobal
